
Microsoft Visual Studio Solution File, Format Version 12.00
# Visual Studio Version 16
VisualStudioVersion = 16.0.30517.126
MinimumVisualStudioVersion = 10.0.40219.1
Project("{9A19103F-16F7-4668-BE54-9A1E7A4F7556}") = "MinhaPrimeiraAPI", "MinhaPrimeiraAPI\MinhaPrimeiraAPI.csproj", "{914A6082-8B7D-4781-83D4-E45B188108BC}"
EndProject
Project("{FAE04EC0-301F-11D3-BF4B-00C04F79EFBC}") = "TesteAPI", "TesteAPI\TesteAPI.csproj", "{2EC4A8A2-664C-4E20-B3E0-F4F9F9F29B13}"
EndProject
Global
	GlobalSection(SolutionConfigurationPlatforms) = preSolution
		Debug|Any CPU = Debug|Any CPU
		Release|Any CPU = Release|Any CPU
	EndGlobalSection
	GlobalSection(ProjectConfigurationPlatforms) = postSolution
		{914A6082-8B7D-4781-83D4-E45B188108BC}.Debug|Any CPU.ActiveCfg = Debug|Any CPU
		{914A6082-8B7D-4781-83D4-E45B188108BC}.Debug|Any CPU.Build.0 = Debug|Any CPU
		{914A6082-8B7D-4781-83D4-E45B188108BC}.Release|Any CPU.ActiveCfg = Release|Any CPU
		{914A6082-8B7D-4781-83D4-E45B188108BC}.Release|Any CPU.Build.0 = Release|Any CPU
		{2EC4A8A2-664C-4E20-B3E0-F4F9F9F29B13}.Debug|Any CPU.ActiveCfg = Debug|Any CPU
		{2EC4A8A2-664C-4E20-B3E0-F4F9F9F29B13}.Debug|Any CPU.Build.0 = Debug|Any CPU
		{2EC4A8A2-664C-4E20-B3E0-F4F9F9F29B13}.Release|Any CPU.ActiveCfg = Release|Any CPU
		{2EC4A8A2-664C-4E20-B3E0-F4F9F9F29B13}.Release|Any CPU.Build.0 = Release|Any CPU
	EndGlobalSection
	GlobalSection(SolutionProperties) = preSolution
		HideSolutionNode = FALSE
	EndGlobalSection
	GlobalSection(ExtensibilityGlobals) = postSolution
		SolutionGuid = {57E0D5B9-3A08-46BD-B57A-C02B4E4E365D}
	EndGlobalSection
EndGlobal
